// !$*UTF8*$!
{
	archiveVersion = 1;
	classes = {
	};
	objectVersion = 46;
	objects = {

/* Begin PBXBuildFile section */
		B43CF2EA1B228ECF006CBF83 /* BNRLine.m in Sources */ = {isa = PBXBuildFile; fileRef = B43CF2E91B228ECF006CBF83 /* BNRLine.m */; };
		B49F862B1B1B2F14003F1A53 /* main.m in Sources */ = {isa = PBXBuildFile; fileRef = B49F862A1B1B2F14003F1A53 /* main.m */; };
		B49F862E1B1B2F14003F1A53 /* AppDelegate.m in Sources */ = {isa = PBXBuildFile; fileRef = B49F862D1B1B2F14003F1A53 /* AppDelegate.m */; };
		B49F86311B1B2F14003F1A53 /* ViewController.m in Sources */ = {isa = PBXBuildFile; fileRef = B49F86301B1B2F14003F1A53 /* ViewController.m */; };
		B49F86341B1B2F14003F1A53 /* Main.storyboard in Resources */ = {isa = PBXBuildFile; fileRef = B49F86321B1B2F14003F1A53 /* Main.storyboard */; };
		B49F86361B1B2F14003F1A53 /* Images.xcassets in Resources */ = {isa = PBXBuildFile; fileRef = B49F86351B1B2F14003F1A53 /* Images.xcassets */; };
		B49F86391B1B2F14003F1A53 /* LaunchScreen.xib in Resources */ = {isa = PBXBuildFile; fileRef = B49F86371B1B2F14003F1A53 /* LaunchScreen.xib */; };
		B49F86451B1B2F14003F1A53 /* BNRTouchTrackerTests.m in Sources */ = {isa = PBXBuildFile; fileRef = B49F86441B1B2F14003F1A53 /* BNRTouchTrackerTests.m */; };
		B4E3BA811B1C9D5000FB3D6C /* BNRDrawViewController.m in Sources */ = {isa = PBXBuildFile; fileRef = B4E3BA801B1C9D5000FB3D6C /* BNRDrawViewController.m */; };
		B4E3BA841B1C9D6C00FB3D6C /* BNRDrawView.m in Sources */ = {isa = PBXBuildFile; fileRef = B4E3BA831B1C9D6C00FB3D6C /* BNRDrawView.m */; };
/* End PBXBuildFile section */

/* Begin PBXContainerItemProxy section */
		B49F863F1B1B2F14003F1A53 /* PBXContainerItemProxy */ = {
			isa = PBXContainerItemProxy;
			containerPortal = B49F861D1B1B2F14003F1A53 /* Project object */;
			proxyType = 1;
			remoteGlobalIDString = B49F86241B1B2F14003F1A53;
			remoteInfo = BNRTouchTracker;
		};
/* End PBXContainerItemProxy section */

/* Begin PBXFileReference section */
		B43CF2E81B228ECF006CBF83 /* BNRLine.h */ = {isa = PBXFileReference; fileEncoding = 4; lastKnownFileType = sourcecode.c.h; path = BNRLine.h; sourceTree = "<group>"; };
		B43CF2E91B228ECF006CBF83 /* BNRLine.m */ = {isa = PBXFileReference; fileEncoding = 4; lastKnownFileType = sourcecode.c.objc; path = BNRLine.m; sourceTree = "<group>"; };
		B49F86251B1B2F14003F1A53 /* BNRTouchTracker.app */ = {isa = PBXFileReference; explicitFileType = wrapper.application; includeInIndex = 0; path = BNRTouchTracker.app; sourceTree = BUILT_PRODUCTS_DIR; };
		B49F86291B1B2F14003F1A53 /* Info.plist */ = {isa = PBXFileReference; lastKnownFileType = text.plist.xml; path = Info.plist; sourceTree = "<group>"; };
		B49F862A1B1B2F14003F1A53 /* main.m */ = {isa = PBXFileReference; lastKnownFileType = sourcecode.c.objc; path = main.m; sourceTree = "<group>"; };
		B49F862C1B1B2F14003F1A53 /* AppDelegate.h */ = {isa = PBXFileReference; lastKnownFileType = sourcecode.c.h; path = AppDelegate.h; sourceTree = "<group>"; };
		B49F862D1B1B2F14003F1A53 /* AppDelegate.m */ = {isa = PBXFileReference; lastKnownFileType = sourcecode.c.objc; path = AppDelegate.m; sourceTree = "<group>"; };
		B49F862F1B1B2F14003F1A53 /* ViewController.h */ = {isa = PBXFileReference; lastKnownFileType = sourcecode.c.h; path = ViewController.h; sourceTree = "<group>"; };
		B49F86301B1B2F14003F1A53 /* ViewController.m */ = {isa = PBXFileReference; lastKnownFileType = sourcecode.c.objc; path = ViewController.m; sourceTree = "<group>"; };
		B49F86331B1B2F14003F1A53 /* Base */ = {isa = PBXFileReference; lastKnownFileType = file.storyboard; name = Base; path = Base.lproj/Main.storyboard; sourceTree = "<group>"; };
		B49F86351B1B2F14003F1A53 /* Images.xcassets */ = {isa = PBXFileReference; lastKnownFileType = folder.assetcatalog; path = Images.xcassets; sourceTree = "<group>"; };
		B49F86381B1B2F14003F1A53 /* Base */ = {isa = PBXFileReference; lastKnownFileType = file.xib; name = Base; path = Base.lproj/LaunchScreen.xib; sourceTree = "<group>"; };
		B49F863E1B1B2F14003F1A53 /* BNRTouchTrackerTests.xctest */ = {isa = PBXFileReference; explicitFileType = wrapper.cfbundle; includeInIndex = 0; path = BNRTouchTrackerTests.xctest; sourceTree = BUILT_PRODUCTS_DIR; };
		B49F86431B1B2F14003F1A53 /* Info.plist */ = {isa = PBXFileReference; lastKnownFileType = text.plist.xml; path = Info.plist; sourceTree = "<group>"; };
		B49F86441B1B2F14003F1A53 /* BNRTouchTrackerTests.m */ = {isa = PBXFileReference; lastKnownFileType = sourcecode.c.objc; path = BNRTouchTrackerTests.m; sourceTree = "<group>"; };
		B4E3BA7F1B1C9D5000FB3D6C /* BNRDrawViewController.h */ = {isa = PBXFileReference; fileEncoding = 4; lastKnownFileType = sourcecode.c.h; path = BNRDrawViewController.h; sourceTree = "<group>"; };
		B4E3BA801B1C9D5000FB3D6C /* BNRDrawViewController.m */ = {isa = PBXFileReference; fileEncoding = 4; lastKnownFileType = sourcecode.c.objc; path = BNRDrawViewController.m; sourceTree = "<group>"; };
		B4E3BA821B1C9D6C00FB3D6C /* BNRDrawView.h */ = {isa = PBXFileReference; fileEncoding = 4; lastKnownFileType = sourcecode.c.h; path = BNRDrawView.h; sourceTree = "<group>"; };
		B4E3BA831B1C9D6C00FB3D6C /* BNRDrawView.m */ = {isa = PBXFileReference; fileEncoding = 4; lastKnownFileType = sourcecode.c.objc; path = BNRDrawView.m; sourceTree = "<group>"; };
/* End PBXFileReference section */

/* Begin PBXFrameworksBuildPhase section */
		B49F86221B1B2F14003F1A53 /* Frameworks */ = {
			isa = PBXFrameworksBuildPhase;
			buildActionMask = 2147483647;
			files = (
			);
			runOnlyForDeploymentPostprocessing = 0;
		};
		B49F863B1B1B2F14003F1A53 /* Frameworks */ = {
			isa = PBXFrameworksBuildPhase;
			buildActionMask = 2147483647;
			files = (
			);
			runOnlyForDeploymentPostprocessing = 0;
		};
/* End PBXFrameworksBuildPhase section */

/* Begin PBXGroup section */
		B49F861C1B1B2F14003F1A53 = {
			isa = PBXGroup;
			children = (
				B49F86271B1B2F14003F1A53 /* BNRTouchTracker */,
				B49F86411B1B2F14003F1A53 /* BNRTouchTrackerTests */,
				B49F86261B1B2F14003F1A53 /* Products */,
			);
			sourceTree = "<group>";
		};
		B49F86261B1B2F14003F1A53 /* Products */ = {
			isa = PBXGroup;
			children = (
				B49F86251B1B2F14003F1A53 /* BNRTouchTracker.app */,
				B49F863E1B1B2F14003F1A53 /* BNRTouchTrackerTests.xctest */,
			);
			name = Products;
			sourceTree = "<group>";
		};
		B49F86271B1B2F14003F1A53 /* BNRTouchTracker */ = {
			isa = PBXGroup;
			children = (
				B49F862C1B1B2F14003F1A53 /* AppDelegate.h */,
				B49F862D1B1B2F14003F1A53 /* AppDelegate.m */,
				B4E3BA7F1B1C9D5000FB3D6C /* BNRDrawViewController.h */,
				B4E3BA801B1C9D5000FB3D6C /* BNRDrawViewController.m */,
				B4E3BA821B1C9D6C00FB3D6C /* BNRDrawView.h */,
				B4E3BA831B1C9D6C00FB3D6C /* BNRDrawView.m */,
				B43CF2E81B228ECF006CBF83 /* BNRLine.h */,
				B43CF2E91B228ECF006CBF83 /* BNRLine.m */,
				B49F862F1B1B2F14003F1A53 /* ViewController.h */,
				B49F86301B1B2F14003F1A53 /* ViewController.m */,
				B49F86321B1B2F14003F1A53 /* Main.storyboard */,
				B49F86351B1B2F14003F1A53 /* Images.xcassets */,
				B49F86371B1B2F14003F1A53 /* LaunchScreen.xib */,
				B49F86281B1B2F14003F1A53 /* Supporting Files */,
			);
			path = BNRTouchTracker;
			sourceTree = "<group>";
		};
		B49F86281B1B2F14003F1A53 /* Supporting Files */ = {
			isa = PBXGroup;
			children = (
				B49F86291B1B2F14003F1A53 /* Info.plist */,
				B49F862A1B1B2F14003F1A53 /* main.m */,
			);
			name = "Supporting Files";
			sourceTree = "<group>";
		};
		B49F86411B1B2F14003F1A53 /* BNRTouchTrackerTests */ = {
			isa = PBXGroup;
			children = (
				B49F86441B1B2F14003F1A53 /* BNRTouchTrackerTests.m */,
				B49F86421B1B2F14003F1A53 /* Supporting Files */,
			);
			path = BNRTouchTrackerTests;
			sourceTree = "<group>";
		};
		B49F86421B1B2F14003F1A53 /* Supporting Files */ = {
			isa = PBXGroup;
			children = (
				B49F86431B1B2F14003F1A53 /* Info.plist */,
			);
			name = "Supporting Files";
			sourceTree = "<group>";
		};
/* End PBXGroup section */

/* Begin PBXNativeTarget section */
		B49F86241B1B2F14003F1A53 /* BNRTouchTracker */ = {
			isa = PBXNativeTarget;
			buildConfigurationList = B49F86481B1B2F14003F1A53 /* Build configuration list for PBXNativeTarget "BNRTouchTracker" */;
			buildPhases = (
				B49F86211B1B2F14003F1A53 /* Sources */,
				B49F86221B1B2F14003F1A53 /* Frameworks */,
				B49F86231B1B2F14003F1A53 /* Resources */,
			);
			buildRules = (
			);
			dependencies = (
			);
			name = BNRTouchTracker;
			productName = BNRTouchTracker;
			productReference = B49F86251B1B2F14003F1A53 /* BNRTouchTracker.app */;
			productType = "com.apple.product-type.application";
		};
		B49F863D1B1B2F14003F1A53 /* BNRTouchTrackerTests */ = {
			isa = PBXNativeTarget;
			buildConfigurationList = B49F864B1B1B2F14003F1A53 /* Build configuration list for PBXNativeTarget "BNRTouchTrackerTests" */;
			buildPhases = (
				B49F863A1B1B2F14003F1A53 /* Sources */,
				B49F863B1B1B2F14003F1A53 /* Frameworks */,
				B49F863C1B1B2F14003F1A53 /* Resources */,
			);
			buildRules = (
			);
			dependencies = (
				B49F86401B1B2F14003F1A53 /* PBXTargetDependency */,
			);
			name = BNRTouchTrackerTests;
			productName = BNRTouchTrackerTests;
			productReference = B49F863E1B1B2F14003F1A53 /* BNRTouchTrackerTests.xctest */;
			productType = "com.apple.product-type.bundle.unit-test";
		};
/* End PBXNativeTarget section */

/* Begin PBXProject section */
		B49F861D1B1B2F14003F1A53 /* Project object */ = {
			isa = PBXProject;
			attributes = {
				LastUpgradeCheck = 0630;
				ORGANIZATIONNAME = "逯晓瞳";
				TargetAttributes = {
					B49F86241B1B2F14003F1A53 = {
						CreatedOnToolsVersion = 6.3.2;
					};
					B49F863D1B1B2F14003F1A53 = {
						CreatedOnToolsVersion = 6.3.2;
						TestTargetID = B49F86241B1B2F14003F1A53;
					};
				};
			};
			buildConfigurationList = B49F86201B1B2F14003F1A53 /* Build configuration list for PBXProject "BNRTouchTracker" */;
			compatibilityVersion = "Xcode 3.2";
			developmentRegion = English;
			hasScannedForEncodings = 0;
			knownRegions = (
				en,
				Base,
			);
			mainGroup = B49F861C1B1B2F14003F1A53;
			productRefGroup = B49F86261B1B2F14003F1A53 /* Products */;
			projectDirPath = "";
			projectRoot = "";
			targets = (
				B49F86241B1B2F14003F1A53 /* BNRTouchTracker */,
				B49F863D1B1B2F14003F1A53 /* BNRTouchTrackerTests */,
			);
		};
/* End PBXProject section */

/* Begin PBXResourcesBuildPhase section */
		B49F86231B1B2F14003F1A53 /* Resources */ = {
			isa = PBXResourcesBuildPhase;
			buildActionMask = 2147483647;
			files = (
				B49F86341B1B2F14003F1A53 /* Main.storyboard in Resources */,
				B49F86391B1B2F14003F1A53 /* LaunchScreen.xib in Resources */,
				B49F86361B1B2F14003F1A53 /* Images.xcassets in Resources */,
			);
			runOnlyForDeploymentPostprocessing = 0;
		};
		B49F863C1B1B2F14003F1A53 /* Resources */ = {
			isa = PBXResourcesBuildPhase;
			buildActionMask = 2147483647;
			files = (
			);
			runOnlyForDeploymentPostprocessing = 0;
		};
/* End PBXResourcesBuildPhase section */

/* Begin PBXSourcesBuildPhase section */
		B49F86211B1B2F14003F1A53 /* Sources */ = {
			isa = PBXSourcesBuildPhase;
			buildActionMask = 2147483647;
			files = (
				B4E3BA841B1C9D6C00FB3D6C /* BNRDrawView.m in Sources */,
				B49F86311B1B2F14003F1A53 /* ViewController.m in Sources */,
				B4E3BA811B1C9D5000FB3D6C /* BNRDrawViewController.m in Sources */,
				B49F862E1B1B2F14003F1A53 /* AppDelegate.m in Sources */,
				B43CF2EA1B228ECF006CBF83 /* BNRLine.m in Sources */,
				B49F862B1B1B2F14003F1A53 /* main.m in Sources */,
			);
			runOnlyForDeploymentPostprocessing = 0;
		};
		B49F863A1B1B2F14003F1A53 /* Sources */ = {
			isa = PBXSourcesBuildPhase;
			buildActionMask = 2147483647;
			files = (
				B49F86451B1B2F14003F1A53 /* BNRTouchTrackerTests.m in Sources */,
			);
			runOnlyForDeploymentPostprocessing = 0;
		};
/* End PBXSourcesBuildPhase section */

/* Begin PBXTargetDependency section */
		B49F86401B1B2F14003F1A53 /* PBXTargetDependency */ = {
			isa = PBXTargetDependency;
			target = B49F86241B1B2F14003F1A53 /* BNRTouchTracker */;
			targetProxy = B49F863F1B1B2F14003F1A53 /* PBXContainerItemProxy */;
		};
/* End PBXTargetDependency section */

/* Begin PBXVariantGroup section */
		B49F86321B1B2F14003F1A53 /* Main.storyboard */ = {
			isa = PBXVariantGroup;
			children = (
				B49F86331B1B2F14003F1A53 /* Base */,
			);
			name = Main.storyboard;
			sourceTree = "<group>";
		};
		B49F86371B1B2F14003F1A53 /* LaunchScreen.xib */ = {
			isa = PBXVariantGroup;
			children = (
				B49F86381B1B2F14003F1A53 /* Base */,
			);
			name = LaunchScreen.xib;
			sourceTree = "<group>";
		};
/* End PBXVariantGroup section */

/* Begin XCBuildConfiguration section */
		B49F86461B1B2F14003F1A53 /* Debug */ = {
			isa = XCBuildConfiguration;
			buildSettings = {
				ALWAYS_SEARCH_USER_PATHS = NO;
				CLANG_CXX_LANGUAGE_STANDARD = "gnu++0x";
				CLANG_CXX_LIBRARY = "libc++";
				CLANG_ENABLE_MODULES = YES;
				CLANG_ENABLE_OBJC_ARC = YES;
				CLANG_WARN_BOOL_CONVERSION = YES;
				CLANG_WARN_CONSTANT_CONVERSION = YES;
				CLANG_WARN_DIRECT_OBJC_ISA_USAGE = YES_ERROR;
				CLANG_WARN_EMPTY_BODY = YES;
				CLANG_WARN_ENUM_CONVERSION = YES;
				CLANG_WARN_INT_CONVERSION = YES;
				CLANG_WARN_OBJC_ROOT_CLASS = YES_ERROR;
				CLANG_WARN_UNREACHABLE_CODE = YES;
				CLANG_WARN__DUPLICATE_METHOD_MATCH = YES;
				"CODE_SIGN_IDENTITY[sdk=iphoneos*]" = "iPhone Developer";
				COPY_PHASE_STRIP = NO;
				DEBUG_INFORMATION_FORMAT = "dwarf-with-dsym";
				ENABLE_STRICT_OBJC_MSGSEND = YES;
				GCC_C_LANGUAGE_STANDARD = gnu99;
				GCC_DYNAMIC_NO_PIC = NO;
				GCC_NO_COMMON_BLOCKS = YES;
				GCC_OPTIMIZATION_LEVEL = 0;
				GCC_PREPROCESSOR_DEFINITIONS = (
					"DEBUG=1",
					"$(inherited)",
				);
				GCC_SYMBOLS_PRIVATE_EXTERN = NO;
				GCC_WARN_64_TO_32_BIT_CONVERSION = YES;
				GCC_WARN_ABOUT_RETURN_TYPE = YES_ERROR;
				GCC_WARN_UNDECLARED_SELECTOR = YES;
				GCC_WARN_UNINITIALIZED_AUTOS = YES_AGGRESSIVE;
				GCC_WARN_UNUSED_FUNCTION = YES;
				GCC_WARN_UNUSED_VARIABLE = YES;
				IPHONEOS_DEPLOYMENT_TARGET = 8.3;
				MTL_ENABLE_DEBUG_INFO = YES;
				ONLY_ACTIVE_ARCH = YES;
				SDKROOT = iphoneos;
			};
			name = Debug;
		};
		B49F86471B1B2F14003F1A53 /* Release */ = {
			isa = XCBuildConfiguration;
			buildSettings = {
				ALWAYS_SEARCH_USER_PATHS = NO;
				CLANG_CXX_LANGUAGE_STANDARD = "gnu++0x";
				CLANG_CXX_LIBRARY = "libc++";
				CLANG_ENABLE_MODULES = YES;
				CLANG_ENABLE_OBJC_ARC = YES;
				CLANG_WARN_BOOL_CONVERSION = YES;
				CLANG_WARN_CONSTANT_CONVERSION = YES;
				CLANG_WARN_DIRECT_OBJC_ISA_USAGE = YES_ERROR;
				CLANG_WARN_EMPTY_BODY = YES;
				CLANG_WARN_ENUM_CONVERSION = YES;
				CLANG_WARN_INT_CONVERSION = YES;
				CLANG_WARN_OBJC_ROOT_CLASS = YES_ERROR;
				CLANG_WARN_UNREACHABLE_CODE = YES;
				CLANG_WARN__DUPLICATE_METHOD_MATCH = YES;
				"CODE_SIGN_IDENTITY[sdk=iphoneos*]" = "iPhone Developer";
				COPY_PHASE_STRIP = NO;
				DEBUG_INFORMATION_FORMAT = "dwarf-with-dsym";
				ENABLE_NS_ASSERTIONS = NO;
				ENABLE_STRICT_OBJC_MSGSEND = YES;
				GCC_C_LANGUAGE_STANDARD = gnu99;
				GCC_NO_COMMON_BLOCKS = YES;
				GCC_WARN_64_TO_32_BIT_CONVERSION = YES;
				GCC_WARN_ABOUT_RETURN_TYPE = YES_ERROR;
				GCC_WARN_UNDECLARED_SELECTOR = YES;
				GCC_WARN_UNINITIALIZED_AUTOS = YES_AGGRESSIVE;
				GCC_WARN_UNUSED_FUNCTION = YES;
				GCC_WARN_UNUSED_VARIABLE = YES;
				IPHONEOS_DEPLOYMENT_TARGET = 8.3;
				MTL_ENABLE_DEBUG_INFO = NO;
				SDKROOT = iphoneos;
				VALIDATE_PRODUCT = YES;
			};
			name = Release;
		};
		B49F86491B1B2F14003F1A53 /* Debug */ = {
			isa = XCBuildConfiguration;
			buildSettings = {
				ASSETCATALOG_COMPILER_APPICON_NAME = AppIcon;
				INFOPLIST_FILE = BNRTouchTracker/Info.plist;
				LD_RUNPATH_SEARCH_PATHS = "$(inherited) @executable_path/Frameworks";
				PRODUCT_NAME = "$(TARGET_NAME)";
			};
			name = Debug;
		};
		B49F864A1B1B2F14003F1A53 /* Release */ = {
			isa = XCBuildConfiguration;
			buildSettings = {
				ASSETCATALOG_COMPILER_APPICON_NAME = AppIcon;
				INFOPLIST_FILE = BNRTouchTracker/Info.plist;
				LD_RUNPATH_SEARCH_PATHS = "$(inherited) @executable_path/Frameworks";
				PRODUCT_NAME = "$(TARGET_NAME)";
			};
			name = Release;
		};
		B49F864C1B1B2F14003F1A53 /* Debug */ = {
			isa = XCBuildConfiguration;
			buildSettings = {
				BUNDLE_LOADER = "$(TEST_HOST)";
				FRAMEWORK_SEARCH_PATHS = (
					"$(SDKROOT)/Developer/Library/Frameworks",
					"$(inherited)",
				);
				GCC_PREPROCESSOR_DEFINITIONS = (
					"DEBUG=1",
					"$(inherited)",
				);
				INFOPLIST_FILE = BNRTouchTrackerTests/Info.plist;
				LD_RUNPATH_SEARCH_PATHS = "$(inherited) @executable_path/Frameworks @loader_path/Frameworks";
				PRODUCT_NAME = "$(TARGET_NAME)";
				TEST_HOST = "$(BUILT_PRODUCTS_DIR)/BNRTouchTracker.app/BNRTouchTracker";
			};
			name = Debug;
		};
		B49F864D1B1B2F14003F1A53 /* Release */ = {
			isa = XCBuildConfiguration;
			buildSettings = {
				BUNDLE_LOADER = "$(TEST_HOST)";
				FRAMEWORK_SEARCH_PATHS = (
					"$(SDKROOT)/Developer/Library/Frameworks",
					"$(inherited)",
				);
				INFOPLIST_FILE = BNRTouchTrackerTests/Info.plist;
				LD_RUNPATH_SEARCH_PATHS = "$(inherited) @executable_path/Frameworks @loader_path/Frameworks";
				PRODUCT_NAME = "$(TARGET_NAME)";
				TEST_HOST = "$(BUILT_PRODUCTS_DIR)/BNRTouchTracker.app/BNRTouchTracker";
			};
			name = Release;
		};
/* End XCBuildConfiguration section */

/* Begin XCConfigurationList section */
		B49F86201B1B2F14003F1A53 /* Build configuration list for PBXProject "BNRTouchTracker" */ = {
			isa = XCConfigurationList;
			buildConfigurations = (
				B49F86461B1B2F14003F1A53 /* Debug */,
				B49F86471B1B2F14003F1A53 /* Release */,
			);
			defaultConfigurationIsVisible = 0;
			defaultConfigurationName = Release;
		};
		B49F86481B1B2F14003F1A53 /* Build configuration list for PBXNativeTarget "BNRTouchTracker" */ = {
			isa = XCConfigurationList;
			buildConfigurations = (
				B49F86491B1B2F14003F1A53 /* Debug */,
				B49F864A1B1B2F14003F1A53 /* Release */,
			);
			defaultConfigurationIsVisible = 0;
			defaultConfigurationName = Release;
		};
		B49F864B1B1B2F14003F1A53 /* Build configuration list for PBXNativeTarget "BNRTouchTrackerTests" */ = {
			isa = XCConfigurationList;
			buildConfigurations = (
				B49F864C1B1B2F14003F1A53 /* Debug */,
				B49F864D1B1B2F14003F1A53 /* Release */,
			);
			defaultConfigurationIsVisible = 0;
			defaultConfigurationName = Release;
		};
/* End XCConfigurationList section */
	};
	rootObject = B49F861D1B1B2F14003F1A53 /* Project object */;
}
