// !$*UTF8*$!
{
	archiveVersion = 1;
	classes = {
	};
	objectVersion = 46;
	objects = {

/* Begin PBXBuildFile section */
		B4454B381AC562C400E2F0A7 /* main.m in Sources */ = {isa = PBXBuildFile; fileRef = B4454B371AC562C400E2F0A7 /* main.m */; };
		B4454B3B1AC562C400E2F0A7 /* AppDelegate.m in Sources */ = {isa = PBXBuildFile; fileRef = B4454B3A1AC562C400E2F0A7 /* AppDelegate.m */; };
		B4454B3E1AC562C400E2F0A7 /* ViewController.m in Sources */ = {isa = PBXBuildFile; fileRef = B4454B3D1AC562C400E2F0A7 /* ViewController.m */; };
		B4454B431AC562C400E2F0A7 /* Images.xcassets in Resources */ = {isa = PBXBuildFile; fileRef = B4454B421AC562C400E2F0A7 /* Images.xcassets */; };
		B4454B461AC562C400E2F0A7 /* LaunchScreen.xib in Resources */ = {isa = PBXBuildFile; fileRef = B4454B441AC562C400E2F0A7 /* LaunchScreen.xib */; };
		B4454B521AC562C400E2F0A7 /* ToDoListTests.m in Sources */ = {isa = PBXBuildFile; fileRef = B4454B511AC562C400E2F0A7 /* ToDoListTests.m */; };
		B4454B5E1AC5639B00E2F0A7 /* Main.storyboard in Resources */ = {isa = PBXBuildFile; fileRef = B4454B5D1AC5639B00E2F0A7 /* Main.storyboard */; };
		B4D810731ACAE5A00067BD61 /* ToDoItem.m in Sources */ = {isa = PBXBuildFile; fileRef = B4D810721ACAE5A00067BD61 /* ToDoItem.m */; };
		B4DE6A801AC7B81500E26ABD /* AddToDoItemViewController.m in Sources */ = {isa = PBXBuildFile; fileRef = B4DE6A7F1AC7B81500E26ABD /* AddToDoItemViewController.m */; };
		B4DE6A861AC7BEAD00E26ABD /* ToDoListTableViewController.m in Sources */ = {isa = PBXBuildFile; fileRef = B4DE6A851AC7BEAD00E26ABD /* ToDoListTableViewController.m */; };
/* End PBXBuildFile section */

/* Begin PBXContainerItemProxy section */
		B4454B4C1AC562C400E2F0A7 /* PBXContainerItemProxy */ = {
			isa = PBXContainerItemProxy;
			containerPortal = B4454B2A1AC562C400E2F0A7 /* Project object */;
			proxyType = 1;
			remoteGlobalIDString = B4454B311AC562C400E2F0A7;
			remoteInfo = ToDoList;
		};
/* End PBXContainerItemProxy section */

/* Begin PBXFileReference section */
		B4454B321AC562C400E2F0A7 /* ToDoList.app */ = {isa = PBXFileReference; explicitFileType = wrapper.application; includeInIndex = 0; path = ToDoList.app; sourceTree = BUILT_PRODUCTS_DIR; };
		B4454B361AC562C400E2F0A7 /* Info.plist */ = {isa = PBXFileReference; lastKnownFileType = text.plist.xml; path = Info.plist; sourceTree = "<group>"; };
		B4454B371AC562C400E2F0A7 /* main.m */ = {isa = PBXFileReference; lastKnownFileType = sourcecode.c.objc; path = main.m; sourceTree = "<group>"; };
		B4454B391AC562C400E2F0A7 /* AppDelegate.h */ = {isa = PBXFileReference; lastKnownFileType = sourcecode.c.h; path = AppDelegate.h; sourceTree = "<group>"; };
		B4454B3A1AC562C400E2F0A7 /* AppDelegate.m */ = {isa = PBXFileReference; lastKnownFileType = sourcecode.c.objc; path = AppDelegate.m; sourceTree = "<group>"; };
		B4454B3C1AC562C400E2F0A7 /* ViewController.h */ = {isa = PBXFileReference; lastKnownFileType = sourcecode.c.h; path = ViewController.h; sourceTree = "<group>"; };
		B4454B3D1AC562C400E2F0A7 /* ViewController.m */ = {isa = PBXFileReference; lastKnownFileType = sourcecode.c.objc; path = ViewController.m; sourceTree = "<group>"; };
		B4454B421AC562C400E2F0A7 /* Images.xcassets */ = {isa = PBXFileReference; lastKnownFileType = folder.assetcatalog; path = Images.xcassets; sourceTree = "<group>"; };
		B4454B451AC562C400E2F0A7 /* Base */ = {isa = PBXFileReference; lastKnownFileType = file.xib; name = Base; path = Base.lproj/LaunchScreen.xib; sourceTree = "<group>"; };
		B4454B4B1AC562C400E2F0A7 /* ToDoListTests.xctest */ = {isa = PBXFileReference; explicitFileType = wrapper.cfbundle; includeInIndex = 0; path = ToDoListTests.xctest; sourceTree = BUILT_PRODUCTS_DIR; };
		B4454B501AC562C400E2F0A7 /* Info.plist */ = {isa = PBXFileReference; lastKnownFileType = text.plist.xml; path = Info.plist; sourceTree = "<group>"; };
		B4454B511AC562C400E2F0A7 /* ToDoListTests.m */ = {isa = PBXFileReference; lastKnownFileType = sourcecode.c.objc; path = ToDoListTests.m; sourceTree = "<group>"; };
		B4454B5D1AC5639B00E2F0A7 /* Main.storyboard */ = {isa = PBXFileReference; fileEncoding = 4; lastKnownFileType = file.storyboard; path = Main.storyboard; sourceTree = "<group>"; };
		B4D810711ACAE5A00067BD61 /* ToDoItem.h */ = {isa = PBXFileReference; fileEncoding = 4; lastKnownFileType = sourcecode.c.h; path = ToDoItem.h; sourceTree = "<group>"; };
		B4D810721ACAE5A00067BD61 /* ToDoItem.m */ = {isa = PBXFileReference; fileEncoding = 4; lastKnownFileType = sourcecode.c.objc; path = ToDoItem.m; sourceTree = "<group>"; };
		B4DE6A7E1AC7B81500E26ABD /* AddToDoItemViewController.h */ = {isa = PBXFileReference; fileEncoding = 4; lastKnownFileType = sourcecode.c.h; path = AddToDoItemViewController.h; sourceTree = "<group>"; };
		B4DE6A7F1AC7B81500E26ABD /* AddToDoItemViewController.m */ = {isa = PBXFileReference; fileEncoding = 4; lastKnownFileType = sourcecode.c.objc; path = AddToDoItemViewController.m; sourceTree = "<group>"; };
		B4DE6A841AC7BEAD00E26ABD /* ToDoListTableViewController.h */ = {isa = PBXFileReference; fileEncoding = 4; lastKnownFileType = sourcecode.c.h; path = ToDoListTableViewController.h; sourceTree = "<group>"; };
		B4DE6A851AC7BEAD00E26ABD /* ToDoListTableViewController.m */ = {isa = PBXFileReference; fileEncoding = 4; lastKnownFileType = sourcecode.c.objc; path = ToDoListTableViewController.m; sourceTree = "<group>"; };
/* End PBXFileReference section */

/* Begin PBXFrameworksBuildPhase section */
		B4454B2F1AC562C400E2F0A7 /* Frameworks */ = {
			isa = PBXFrameworksBuildPhase;
			buildActionMask = 2147483647;
			files = (
			);
			runOnlyForDeploymentPostprocessing = 0;
		};
		B4454B481AC562C400E2F0A7 /* Frameworks */ = {
			isa = PBXFrameworksBuildPhase;
			buildActionMask = 2147483647;
			files = (
			);
			runOnlyForDeploymentPostprocessing = 0;
		};
/* End PBXFrameworksBuildPhase section */

/* Begin PBXGroup section */
		B4454B291AC562C400E2F0A7 = {
			isa = PBXGroup;
			children = (
				B4454B341AC562C400E2F0A7 /* ToDoList */,
				B4454B4E1AC562C400E2F0A7 /* ToDoListTests */,
				B4454B331AC562C400E2F0A7 /* Products */,
			);
			sourceTree = "<group>";
		};
		B4454B331AC562C400E2F0A7 /* Products */ = {
			isa = PBXGroup;
			children = (
				B4454B321AC562C400E2F0A7 /* ToDoList.app */,
				B4454B4B1AC562C400E2F0A7 /* ToDoListTests.xctest */,
			);
			name = Products;
			sourceTree = "<group>";
		};
		B4454B341AC562C400E2F0A7 /* ToDoList */ = {
			isa = PBXGroup;
			children = (
				B4454B391AC562C400E2F0A7 /* AppDelegate.h */,
				B4454B3A1AC562C400E2F0A7 /* AppDelegate.m */,
				B4454B3C1AC562C400E2F0A7 /* ViewController.h */,
				B4454B3D1AC562C400E2F0A7 /* ViewController.m */,
				B4454B421AC562C400E2F0A7 /* Images.xcassets */,
				B4454B441AC562C400E2F0A7 /* LaunchScreen.xib */,
				B4454B351AC562C400E2F0A7 /* Supporting Files */,
				B4454B5D1AC5639B00E2F0A7 /* Main.storyboard */,
				B4D810711ACAE5A00067BD61 /* ToDoItem.h */,
				B4D810721ACAE5A00067BD61 /* ToDoItem.m */,
				B4DE6A7E1AC7B81500E26ABD /* AddToDoItemViewController.h */,
				B4DE6A7F1AC7B81500E26ABD /* AddToDoItemViewController.m */,
				B4DE6A841AC7BEAD00E26ABD /* ToDoListTableViewController.h */,
				B4DE6A851AC7BEAD00E26ABD /* ToDoListTableViewController.m */,
			);
			path = ToDoList;
			sourceTree = "<group>";
		};
		B4454B351AC562C400E2F0A7 /* Supporting Files */ = {
			isa = PBXGroup;
			children = (
				B4454B361AC562C400E2F0A7 /* Info.plist */,
				B4454B371AC562C400E2F0A7 /* main.m */,
			);
			name = "Supporting Files";
			sourceTree = "<group>";
		};
		B4454B4E1AC562C400E2F0A7 /* ToDoListTests */ = {
			isa = PBXGroup;
			children = (
				B4454B511AC562C400E2F0A7 /* ToDoListTests.m */,
				B4454B4F1AC562C400E2F0A7 /* Supporting Files */,
			);
			path = ToDoListTests;
			sourceTree = "<group>";
		};
		B4454B4F1AC562C400E2F0A7 /* Supporting Files */ = {
			isa = PBXGroup;
			children = (
				B4454B501AC562C400E2F0A7 /* Info.plist */,
			);
			name = "Supporting Files";
			sourceTree = "<group>";
		};
/* End PBXGroup section */

/* Begin PBXNativeTarget section */
		B4454B311AC562C400E2F0A7 /* ToDoList */ = {
			isa = PBXNativeTarget;
			buildConfigurationList = B4454B551AC562C400E2F0A7 /* Build configuration list for PBXNativeTarget "ToDoList" */;
			buildPhases = (
				B4454B2E1AC562C400E2F0A7 /* Sources */,
				B4454B2F1AC562C400E2F0A7 /* Frameworks */,
				B4454B301AC562C400E2F0A7 /* Resources */,
			);
			buildRules = (
			);
			dependencies = (
			);
			name = ToDoList;
			productName = ToDoList;
			productReference = B4454B321AC562C400E2F0A7 /* ToDoList.app */;
			productType = "com.apple.product-type.application";
		};
		B4454B4A1AC562C400E2F0A7 /* ToDoListTests */ = {
			isa = PBXNativeTarget;
			buildConfigurationList = B4454B581AC562C400E2F0A7 /* Build configuration list for PBXNativeTarget "ToDoListTests" */;
			buildPhases = (
				B4454B471AC562C400E2F0A7 /* Sources */,
				B4454B481AC562C400E2F0A7 /* Frameworks */,
				B4454B491AC562C400E2F0A7 /* Resources */,
			);
			buildRules = (
			);
			dependencies = (
				B4454B4D1AC562C400E2F0A7 /* PBXTargetDependency */,
			);
			name = ToDoListTests;
			productName = ToDoListTests;
			productReference = B4454B4B1AC562C400E2F0A7 /* ToDoListTests.xctest */;
			productType = "com.apple.product-type.bundle.unit-test";
		};
/* End PBXNativeTarget section */

/* Begin PBXProject section */
		B4454B2A1AC562C400E2F0A7 /* Project object */ = {
			isa = PBXProject;
			attributes = {
				LastUpgradeCheck = 0620;
				ORGANIZATIONNAME = "逯晓瞳";
				TargetAttributes = {
					B4454B311AC562C400E2F0A7 = {
						CreatedOnToolsVersion = 6.2;
					};
					B4454B4A1AC562C400E2F0A7 = {
						CreatedOnToolsVersion = 6.2;
						TestTargetID = B4454B311AC562C400E2F0A7;
					};
				};
			};
			buildConfigurationList = B4454B2D1AC562C400E2F0A7 /* Build configuration list for PBXProject "ToDoList" */;
			compatibilityVersion = "Xcode 3.2";
			developmentRegion = English;
			hasScannedForEncodings = 0;
			knownRegions = (
				en,
				Base,
			);
			mainGroup = B4454B291AC562C400E2F0A7;
			productRefGroup = B4454B331AC562C400E2F0A7 /* Products */;
			projectDirPath = "";
			projectRoot = "";
			targets = (
				B4454B311AC562C400E2F0A7 /* ToDoList */,
				B4454B4A1AC562C400E2F0A7 /* ToDoListTests */,
			);
		};
/* End PBXProject section */

/* Begin PBXResourcesBuildPhase section */
		B4454B301AC562C400E2F0A7 /* Resources */ = {
			isa = PBXResourcesBuildPhase;
			buildActionMask = 2147483647;
			files = (
				B4454B461AC562C400E2F0A7 /* LaunchScreen.xib in Resources */,
				B4454B431AC562C400E2F0A7 /* Images.xcassets in Resources */,
				B4454B5E1AC5639B00E2F0A7 /* Main.storyboard in Resources */,
			);
			runOnlyForDeploymentPostprocessing = 0;
		};
		B4454B491AC562C400E2F0A7 /* Resources */ = {
			isa = PBXResourcesBuildPhase;
			buildActionMask = 2147483647;
			files = (
			);
			runOnlyForDeploymentPostprocessing = 0;
		};
/* End PBXResourcesBuildPhase section */

/* Begin PBXSourcesBuildPhase section */
		B4454B2E1AC562C400E2F0A7 /* Sources */ = {
			isa = PBXSourcesBuildPhase;
			buildActionMask = 2147483647;
			files = (
				B4D810731ACAE5A00067BD61 /* ToDoItem.m in Sources */,
				B4454B3E1AC562C400E2F0A7 /* ViewController.m in Sources */,
				B4454B3B1AC562C400E2F0A7 /* AppDelegate.m in Sources */,
				B4454B381AC562C400E2F0A7 /* main.m in Sources */,
				B4DE6A861AC7BEAD00E26ABD /* ToDoListTableViewController.m in Sources */,
				B4DE6A801AC7B81500E26ABD /* AddToDoItemViewController.m in Sources */,
			);
			runOnlyForDeploymentPostprocessing = 0;
		};
		B4454B471AC562C400E2F0A7 /* Sources */ = {
			isa = PBXSourcesBuildPhase;
			buildActionMask = 2147483647;
			files = (
				B4454B521AC562C400E2F0A7 /* ToDoListTests.m in Sources */,
			);
			runOnlyForDeploymentPostprocessing = 0;
		};
/* End PBXSourcesBuildPhase section */

/* Begin PBXTargetDependency section */
		B4454B4D1AC562C400E2F0A7 /* PBXTargetDependency */ = {
			isa = PBXTargetDependency;
			target = B4454B311AC562C400E2F0A7 /* ToDoList */;
			targetProxy = B4454B4C1AC562C400E2F0A7 /* PBXContainerItemProxy */;
		};
/* End PBXTargetDependency section */

/* Begin PBXVariantGroup section */
		B4454B441AC562C400E2F0A7 /* LaunchScreen.xib */ = {
			isa = PBXVariantGroup;
			children = (
				B4454B451AC562C400E2F0A7 /* Base */,
			);
			name = LaunchScreen.xib;
			sourceTree = "<group>";
		};
/* End PBXVariantGroup section */

/* Begin XCBuildConfiguration section */
		B4454B531AC562C400E2F0A7 /* Debug */ = {
			isa = XCBuildConfiguration;
			buildSettings = {
				ALWAYS_SEARCH_USER_PATHS = NO;
				CLANG_CXX_LANGUAGE_STANDARD = "gnu++0x";
				CLANG_CXX_LIBRARY = "libc++";
				CLANG_ENABLE_MODULES = YES;
				CLANG_ENABLE_OBJC_ARC = YES;
				CLANG_WARN_BOOL_CONVERSION = YES;
				CLANG_WARN_CONSTANT_CONVERSION = YES;
				CLANG_WARN_DIRECT_OBJC_ISA_USAGE = YES_ERROR;
				CLANG_WARN_EMPTY_BODY = YES;
				CLANG_WARN_ENUM_CONVERSION = YES;
				CLANG_WARN_INT_CONVERSION = YES;
				CLANG_WARN_OBJC_ROOT_CLASS = YES_ERROR;
				CLANG_WARN_UNREACHABLE_CODE = YES;
				CLANG_WARN__DUPLICATE_METHOD_MATCH = YES;
				"CODE_SIGN_IDENTITY[sdk=iphoneos*]" = "iPhone Developer";
				COPY_PHASE_STRIP = NO;
				ENABLE_STRICT_OBJC_MSGSEND = YES;
				GCC_C_LANGUAGE_STANDARD = gnu99;
				GCC_DYNAMIC_NO_PIC = NO;
				GCC_OPTIMIZATION_LEVEL = 0;
				GCC_PREPROCESSOR_DEFINITIONS = (
					"DEBUG=1",
					"$(inherited)",
				);
				GCC_SYMBOLS_PRIVATE_EXTERN = NO;
				GCC_WARN_64_TO_32_BIT_CONVERSION = YES;
				GCC_WARN_ABOUT_RETURN_TYPE = YES_ERROR;
				GCC_WARN_UNDECLARED_SELECTOR = YES;
				GCC_WARN_UNINITIALIZED_AUTOS = YES_AGGRESSIVE;
				GCC_WARN_UNUSED_FUNCTION = YES;
				GCC_WARN_UNUSED_VARIABLE = YES;
				IPHONEOS_DEPLOYMENT_TARGET = 8.2;
				MTL_ENABLE_DEBUG_INFO = YES;
				ONLY_ACTIVE_ARCH = YES;
				SDKROOT = iphoneos;
			};
			name = Debug;
		};
		B4454B541AC562C400E2F0A7 /* Release */ = {
			isa = XCBuildConfiguration;
			buildSettings = {
				ALWAYS_SEARCH_USER_PATHS = NO;
				CLANG_CXX_LANGUAGE_STANDARD = "gnu++0x";
				CLANG_CXX_LIBRARY = "libc++";
				CLANG_ENABLE_MODULES = YES;
				CLANG_ENABLE_OBJC_ARC = YES;
				CLANG_WARN_BOOL_CONVERSION = YES;
				CLANG_WARN_CONSTANT_CONVERSION = YES;
				CLANG_WARN_DIRECT_OBJC_ISA_USAGE = YES_ERROR;
				CLANG_WARN_EMPTY_BODY = YES;
				CLANG_WARN_ENUM_CONVERSION = YES;
				CLANG_WARN_INT_CONVERSION = YES;
				CLANG_WARN_OBJC_ROOT_CLASS = YES_ERROR;
				CLANG_WARN_UNREACHABLE_CODE = YES;
				CLANG_WARN__DUPLICATE_METHOD_MATCH = YES;
				"CODE_SIGN_IDENTITY[sdk=iphoneos*]" = "iPhone Developer";
				COPY_PHASE_STRIP = NO;
				ENABLE_NS_ASSERTIONS = NO;
				ENABLE_STRICT_OBJC_MSGSEND = YES;
				GCC_C_LANGUAGE_STANDARD = gnu99;
				GCC_WARN_64_TO_32_BIT_CONVERSION = YES;
				GCC_WARN_ABOUT_RETURN_TYPE = YES_ERROR;
				GCC_WARN_UNDECLARED_SELECTOR = YES;
				GCC_WARN_UNINITIALIZED_AUTOS = YES_AGGRESSIVE;
				GCC_WARN_UNUSED_FUNCTION = YES;
				GCC_WARN_UNUSED_VARIABLE = YES;
				IPHONEOS_DEPLOYMENT_TARGET = 8.2;
				MTL_ENABLE_DEBUG_INFO = NO;
				SDKROOT = iphoneos;
				VALIDATE_PRODUCT = YES;
			};
			name = Release;
		};
		B4454B561AC562C400E2F0A7 /* Debug */ = {
			isa = XCBuildConfiguration;
			buildSettings = {
				ASSETCATALOG_COMPILER_APPICON_NAME = AppIcon;
				CODE_SIGN_IDENTITY = "iPhone Developer";
				INFOPLIST_FILE = ToDoList/Info.plist;
				LD_RUNPATH_SEARCH_PATHS = "$(inherited) @executable_path/Frameworks";
				PRODUCT_NAME = "$(TARGET_NAME)";
			};
			name = Debug;
		};
		B4454B571AC562C400E2F0A7 /* Release */ = {
			isa = XCBuildConfiguration;
			buildSettings = {
				ASSETCATALOG_COMPILER_APPICON_NAME = AppIcon;
				CODE_SIGN_IDENTITY = "iPhone Developer";
				INFOPLIST_FILE = ToDoList/Info.plist;
				LD_RUNPATH_SEARCH_PATHS = "$(inherited) @executable_path/Frameworks";
				PRODUCT_NAME = "$(TARGET_NAME)";
			};
			name = Release;
		};
		B4454B591AC562C400E2F0A7 /* Debug */ = {
			isa = XCBuildConfiguration;
			buildSettings = {
				BUNDLE_LOADER = "$(TEST_HOST)";
				FRAMEWORK_SEARCH_PATHS = (
					"$(SDKROOT)/Developer/Library/Frameworks",
					"$(inherited)",
				);
				GCC_PREPROCESSOR_DEFINITIONS = (
					"DEBUG=1",
					"$(inherited)",
				);
				INFOPLIST_FILE = ToDoListTests/Info.plist;
				LD_RUNPATH_SEARCH_PATHS = "$(inherited) @executable_path/Frameworks @loader_path/Frameworks";
				PRODUCT_NAME = "$(TARGET_NAME)";
				TEST_HOST = "$(BUILT_PRODUCTS_DIR)/ToDoList.app/ToDoList";
			};
			name = Debug;
		};
		B4454B5A1AC562C400E2F0A7 /* Release */ = {
			isa = XCBuildConfiguration;
			buildSettings = {
				BUNDLE_LOADER = "$(TEST_HOST)";
				FRAMEWORK_SEARCH_PATHS = (
					"$(SDKROOT)/Developer/Library/Frameworks",
					"$(inherited)",
				);
				INFOPLIST_FILE = ToDoListTests/Info.plist;
				LD_RUNPATH_SEARCH_PATHS = "$(inherited) @executable_path/Frameworks @loader_path/Frameworks";
				PRODUCT_NAME = "$(TARGET_NAME)";
				TEST_HOST = "$(BUILT_PRODUCTS_DIR)/ToDoList.app/ToDoList";
			};
			name = Release;
		};
/* End XCBuildConfiguration section */

/* Begin XCConfigurationList section */
		B4454B2D1AC562C400E2F0A7 /* Build configuration list for PBXProject "ToDoList" */ = {
			isa = XCConfigurationList;
			buildConfigurations = (
				B4454B531AC562C400E2F0A7 /* Debug */,
				B4454B541AC562C400E2F0A7 /* Release */,
			);
			defaultConfigurationIsVisible = 0;
			defaultConfigurationName = Release;
		};
		B4454B551AC562C400E2F0A7 /* Build configuration list for PBXNativeTarget "ToDoList" */ = {
			isa = XCConfigurationList;
			buildConfigurations = (
				B4454B561AC562C400E2F0A7 /* Debug */,
				B4454B571AC562C400E2F0A7 /* Release */,
			);
			defaultConfigurationIsVisible = 0;
			defaultConfigurationName = Release;
		};
		B4454B581AC562C400E2F0A7 /* Build configuration list for PBXNativeTarget "ToDoListTests" */ = {
			isa = XCConfigurationList;
			buildConfigurations = (
				B4454B591AC562C400E2F0A7 /* Debug */,
				B4454B5A1AC562C400E2F0A7 /* Release */,
			);
			defaultConfigurationIsVisible = 0;
			defaultConfigurationName = Release;
		};
/* End XCConfigurationList section */
	};
	rootObject = B4454B2A1AC562C400E2F0A7 /* Project object */;
}
