// !$*UTF8*$!
{
	archiveVersion = 1;
	classes = {
	};
	objectVersion = 46;
	objects = {

/* Begin PBXBuildFile section */
		B45EB8C91CA7729900691B55 /* main.m in Sources */ = {isa = PBXBuildFile; fileRef = B45EB8C81CA7729900691B55 /* main.m */; };
		B45EB8D11CA772CB00691B55 /* TestForSon.m in Sources */ = {isa = PBXBuildFile; fileRef = B45EB8D01CA772CB00691B55 /* TestForSon.m */; };
/* End PBXBuildFile section */

/* Begin PBXCopyFilesBuildPhase section */
		B45EB8C31CA7729900691B55 /* CopyFiles */ = {
			isa = PBXCopyFilesBuildPhase;
			buildActionMask = 2147483647;
			dstPath = /usr/share/man/man1/;
			dstSubfolderSpec = 0;
			files = (
			);
			runOnlyForDeploymentPostprocessing = 1;
		};
/* End PBXCopyFilesBuildPhase section */

/* Begin PBXFileReference section */
		B45EB8C51CA7729900691B55 /* TestForSuper */ = {isa = PBXFileReference; explicitFileType = "compiled.mach-o.executable"; includeInIndex = 0; path = TestForSuper; sourceTree = BUILT_PRODUCTS_DIR; };
		B45EB8C81CA7729900691B55 /* main.m */ = {isa = PBXFileReference; lastKnownFileType = sourcecode.c.objc; path = main.m; sourceTree = "<group>"; };
		B45EB8CF1CA772CB00691B55 /* TestForSon.h */ = {isa = PBXFileReference; fileEncoding = 4; lastKnownFileType = sourcecode.c.h; path = TestForSon.h; sourceTree = "<group>"; };
		B45EB8D01CA772CB00691B55 /* TestForSon.m */ = {isa = PBXFileReference; fileEncoding = 4; lastKnownFileType = sourcecode.c.objc; path = TestForSon.m; sourceTree = "<group>"; };
/* End PBXFileReference section */

/* Begin PBXFrameworksBuildPhase section */
		B45EB8C21CA7729900691B55 /* Frameworks */ = {
			isa = PBXFrameworksBuildPhase;
			buildActionMask = 2147483647;
			files = (
			);
			runOnlyForDeploymentPostprocessing = 0;
		};
/* End PBXFrameworksBuildPhase section */

/* Begin PBXGroup section */
		B45EB8BC1CA7729900691B55 = {
			isa = PBXGroup;
			children = (
				B45EB8C71CA7729900691B55 /* TestForSuper */,
				B45EB8C61CA7729900691B55 /* Products */,
			);
			sourceTree = "<group>";
		};
		B45EB8C61CA7729900691B55 /* Products */ = {
			isa = PBXGroup;
			children = (
				B45EB8C51CA7729900691B55 /* TestForSuper */,
			);
			name = Products;
			sourceTree = "<group>";
		};
		B45EB8C71CA7729900691B55 /* TestForSuper */ = {
			isa = PBXGroup;
			children = (
				B45EB8C81CA7729900691B55 /* main.m */,
				B45EB8CF1CA772CB00691B55 /* TestForSon.h */,
				B45EB8D01CA772CB00691B55 /* TestForSon.m */,
			);
			path = TestForSuper;
			sourceTree = "<group>";
		};
/* End PBXGroup section */

/* Begin PBXNativeTarget section */
		B45EB8C41CA7729900691B55 /* TestForSuper */ = {
			isa = PBXNativeTarget;
			buildConfigurationList = B45EB8CC1CA7729900691B55 /* Build configuration list for PBXNativeTarget "TestForSuper" */;
			buildPhases = (
				B45EB8C11CA7729900691B55 /* Sources */,
				B45EB8C21CA7729900691B55 /* Frameworks */,
				B45EB8C31CA7729900691B55 /* CopyFiles */,
			);
			buildRules = (
			);
			dependencies = (
			);
			name = TestForSuper;
			productName = TestForSuper;
			productReference = B45EB8C51CA7729900691B55 /* TestForSuper */;
			productType = "com.apple.product-type.tool";
		};
/* End PBXNativeTarget section */

/* Begin PBXProject section */
		B45EB8BD1CA7729900691B55 /* Project object */ = {
			isa = PBXProject;
			attributes = {
				LastUpgradeCheck = 0720;
				ORGANIZATIONNAME = "逯晓瞳";
				TargetAttributes = {
					B45EB8C41CA7729900691B55 = {
						CreatedOnToolsVersion = 7.2;
					};
				};
			};
			buildConfigurationList = B45EB8C01CA7729900691B55 /* Build configuration list for PBXProject "TestForSuper" */;
			compatibilityVersion = "Xcode 3.2";
			developmentRegion = English;
			hasScannedForEncodings = 0;
			knownRegions = (
				en,
			);
			mainGroup = B45EB8BC1CA7729900691B55;
			productRefGroup = B45EB8C61CA7729900691B55 /* Products */;
			projectDirPath = "";
			projectRoot = "";
			targets = (
				B45EB8C41CA7729900691B55 /* TestForSuper */,
			);
		};
/* End PBXProject section */

/* Begin PBXSourcesBuildPhase section */
		B45EB8C11CA7729900691B55 /* Sources */ = {
			isa = PBXSourcesBuildPhase;
			buildActionMask = 2147483647;
			files = (
				B45EB8D11CA772CB00691B55 /* TestForSon.m in Sources */,
				B45EB8C91CA7729900691B55 /* main.m in Sources */,
			);
			runOnlyForDeploymentPostprocessing = 0;
		};
/* End PBXSourcesBuildPhase section */

/* Begin XCBuildConfiguration section */
		B45EB8CA1CA7729900691B55 /* Debug */ = {
			isa = XCBuildConfiguration;
			buildSettings = {
				ALWAYS_SEARCH_USER_PATHS = NO;
				CLANG_CXX_LANGUAGE_STANDARD = "gnu++0x";
				CLANG_CXX_LIBRARY = "libc++";
				CLANG_ENABLE_MODULES = YES;
				CLANG_ENABLE_OBJC_ARC = YES;
				CLANG_WARN_BOOL_CONVERSION = YES;
				CLANG_WARN_CONSTANT_CONVERSION = YES;
				CLANG_WARN_DIRECT_OBJC_ISA_USAGE = YES_ERROR;
				CLANG_WARN_EMPTY_BODY = YES;
				CLANG_WARN_ENUM_CONVERSION = YES;
				CLANG_WARN_INT_CONVERSION = YES;
				CLANG_WARN_OBJC_ROOT_CLASS = YES_ERROR;
				CLANG_WARN_UNREACHABLE_CODE = YES;
				CLANG_WARN__DUPLICATE_METHOD_MATCH = YES;
				CODE_SIGN_IDENTITY = "-";
				COPY_PHASE_STRIP = NO;
				DEBUG_INFORMATION_FORMAT = dwarf;
				ENABLE_STRICT_OBJC_MSGSEND = YES;
				ENABLE_TESTABILITY = YES;
				GCC_C_LANGUAGE_STANDARD = gnu99;
				GCC_DYNAMIC_NO_PIC = NO;
				GCC_NO_COMMON_BLOCKS = YES;
				GCC_OPTIMIZATION_LEVEL = 0;
				GCC_PREPROCESSOR_DEFINITIONS = (
					"DEBUG=1",
					"$(inherited)",
				);
				GCC_WARN_64_TO_32_BIT_CONVERSION = YES;
				GCC_WARN_ABOUT_RETURN_TYPE = YES_ERROR;
				GCC_WARN_UNDECLARED_SELECTOR = YES;
				GCC_WARN_UNINITIALIZED_AUTOS = YES_AGGRESSIVE;
				GCC_WARN_UNUSED_FUNCTION = YES;
				GCC_WARN_UNUSED_VARIABLE = YES;
				MACOSX_DEPLOYMENT_TARGET = 10.11;
				MTL_ENABLE_DEBUG_INFO = YES;
				ONLY_ACTIVE_ARCH = YES;
				SDKROOT = macosx;
			};
			name = Debug;
		};
		B45EB8CB1CA7729900691B55 /* Release */ = {
			isa = XCBuildConfiguration;
			buildSettings = {
				ALWAYS_SEARCH_USER_PATHS = NO;
				CLANG_CXX_LANGUAGE_STANDARD = "gnu++0x";
				CLANG_CXX_LIBRARY = "libc++";
				CLANG_ENABLE_MODULES = YES;
				CLANG_ENABLE_OBJC_ARC = YES;
				CLANG_WARN_BOOL_CONVERSION = YES;
				CLANG_WARN_CONSTANT_CONVERSION = YES;
				CLANG_WARN_DIRECT_OBJC_ISA_USAGE = YES_ERROR;
				CLANG_WARN_EMPTY_BODY = YES;
				CLANG_WARN_ENUM_CONVERSION = YES;
				CLANG_WARN_INT_CONVERSION = YES;
				CLANG_WARN_OBJC_ROOT_CLASS = YES_ERROR;
				CLANG_WARN_UNREACHABLE_CODE = YES;
				CLANG_WARN__DUPLICATE_METHOD_MATCH = YES;
				CODE_SIGN_IDENTITY = "-";
				COPY_PHASE_STRIP = NO;
				DEBUG_INFORMATION_FORMAT = "dwarf-with-dsym";
				ENABLE_NS_ASSERTIONS = NO;
				ENABLE_STRICT_OBJC_MSGSEND = YES;
				GCC_C_LANGUAGE_STANDARD = gnu99;
				GCC_NO_COMMON_BLOCKS = YES;
				GCC_WARN_64_TO_32_BIT_CONVERSION = YES;
				GCC_WARN_ABOUT_RETURN_TYPE = YES_ERROR;
				GCC_WARN_UNDECLARED_SELECTOR = YES;
				GCC_WARN_UNINITIALIZED_AUTOS = YES_AGGRESSIVE;
				GCC_WARN_UNUSED_FUNCTION = YES;
				GCC_WARN_UNUSED_VARIABLE = YES;
				MACOSX_DEPLOYMENT_TARGET = 10.11;
				MTL_ENABLE_DEBUG_INFO = NO;
				SDKROOT = macosx;
			};
			name = Release;
		};
		B45EB8CD1CA7729900691B55 /* Debug */ = {
			isa = XCBuildConfiguration;
			buildSettings = {
				PRODUCT_NAME = "$(TARGET_NAME)";
			};
			name = Debug;
		};
		B45EB8CE1CA7729900691B55 /* Release */ = {
			isa = XCBuildConfiguration;
			buildSettings = {
				PRODUCT_NAME = "$(TARGET_NAME)";
			};
			name = Release;
		};
/* End XCBuildConfiguration section */

/* Begin XCConfigurationList section */
		B45EB8C01CA7729900691B55 /* Build configuration list for PBXProject "TestForSuper" */ = {
			isa = XCConfigurationList;
			buildConfigurations = (
				B45EB8CA1CA7729900691B55 /* Debug */,
				B45EB8CB1CA7729900691B55 /* Release */,
			);
			defaultConfigurationIsVisible = 0;
			defaultConfigurationName = Release;
		};
		B45EB8CC1CA7729900691B55 /* Build configuration list for PBXNativeTarget "TestForSuper" */ = {
			isa = XCConfigurationList;
			buildConfigurations = (
				B45EB8CD1CA7729900691B55 /* Debug */,
				B45EB8CE1CA7729900691B55 /* Release */,
			);
			defaultConfigurationIsVisible = 0;
		};
/* End XCConfigurationList section */
	};
	rootObject = B45EB8BD1CA7729900691B55 /* Project object */;
}
