// !$*UTF8*$!
{
	archiveVersion = 1;
	classes = {
	};
	objectVersion = 47;
	objects = {

/* Begin PBXBuildFile section */
		B4146BEE1BAD01D3005DD2D6 /* main.m in Sources */ = {isa = PBXBuildFile; fileRef = B4146BED1BAD01D3005DD2D6 /* main.m */; };
		B4146BF11BAD01D3005DD2D6 /* AppDelegate.m in Sources */ = {isa = PBXBuildFile; fileRef = B4146BF01BAD01D3005DD2D6 /* AppDelegate.m */; };
		B4146BF41BAD01D3005DD2D6 /* ViewController.m in Sources */ = {isa = PBXBuildFile; fileRef = B4146BF31BAD01D3005DD2D6 /* ViewController.m */; };
		B4146BF71BAD01D3005DD2D6 /* Main.storyboard in Resources */ = {isa = PBXBuildFile; fileRef = B4146BF51BAD01D3005DD2D6 /* Main.storyboard */; };
		B4146BF91BAD01D3005DD2D6 /* Assets.xcassets in Resources */ = {isa = PBXBuildFile; fileRef = B4146BF81BAD01D3005DD2D6 /* Assets.xcassets */; };
		B4146BFC1BAD01D3005DD2D6 /* LaunchScreen.storyboard in Resources */ = {isa = PBXBuildFile; fileRef = B4146BFA1BAD01D3005DD2D6 /* LaunchScreen.storyboard */; };
		B4146C071BAD01D3005DD2D6 /* Double_CellTests.m in Sources */ = {isa = PBXBuildFile; fileRef = B4146C061BAD01D3005DD2D6 /* Double_CellTests.m */; };
		B4146C121BAD01D3005DD2D6 /* Double_CellUITests.m in Sources */ = {isa = PBXBuildFile; fileRef = B4146C111BAD01D3005DD2D6 /* Double_CellUITests.m */; };
		B4146C211BAD0426005DD2D6 /* LXTDoubleCellTableViewController.m in Sources */ = {isa = PBXBuildFile; fileRef = B4146C201BAD0426005DD2D6 /* LXTDoubleCellTableViewController.m */; settings = {ASSET_TAGS = (); }; };
		B4F39F4E1BB82B570020C126 /* LXTFirstRowTableViewCell.m in Sources */ = {isa = PBXBuildFile; fileRef = B4F39F4D1BB82B570020C126 /* LXTFirstRowTableViewCell.m */; settings = {ASSET_TAGS = (); }; };
		B4F39F511BB82B780020C126 /* LXTSecondRowTableViewCell.m in Sources */ = {isa = PBXBuildFile; fileRef = B4F39F501BB82B780020C126 /* LXTSecondRowTableViewCell.m */; settings = {ASSET_TAGS = (); }; };
		B4F39F5A1BB839600020C126 /* LXTThirdRowTableViewCell.m in Sources */ = {isa = PBXBuildFile; fileRef = B4F39F581BB839600020C126 /* LXTThirdRowTableViewCell.m */; settings = {ASSET_TAGS = (); }; };
		B4F39F5B1BB839600020C126 /* LXTThirdRowTableViewCell.xib in Resources */ = {isa = PBXBuildFile; fileRef = B4F39F591BB839600020C126 /* LXTThirdRowTableViewCell.xib */; settings = {ASSET_TAGS = (); }; };
		B4F39F641BB83AA00020C126 /* LXTFourthRowTableViewCell.m in Sources */ = {isa = PBXBuildFile; fileRef = B4F39F621BB83AA00020C126 /* LXTFourthRowTableViewCell.m */; settings = {ASSET_TAGS = (); }; };
		B4F39F651BB83AA00020C126 /* LXTFourthRowTableViewCell.xib in Resources */ = {isa = PBXBuildFile; fileRef = B4F39F631BB83AA00020C126 /* LXTFourthRowTableViewCell.xib */; settings = {ASSET_TAGS = (); }; };
/* End PBXBuildFile section */

/* Begin PBXContainerItemProxy section */
		B4146C031BAD01D3005DD2D6 /* PBXContainerItemProxy */ = {
			isa = PBXContainerItemProxy;
			containerPortal = B4146BE11BAD01D3005DD2D6 /* Project object */;
			proxyType = 1;
			remoteGlobalIDString = B4146BE81BAD01D3005DD2D6;
			remoteInfo = "Double Cell";
		};
		B4146C0E1BAD01D3005DD2D6 /* PBXContainerItemProxy */ = {
			isa = PBXContainerItemProxy;
			containerPortal = B4146BE11BAD01D3005DD2D6 /* Project object */;
			proxyType = 1;
			remoteGlobalIDString = B4146BE81BAD01D3005DD2D6;
			remoteInfo = "Double Cell";
		};
/* End PBXContainerItemProxy section */

/* Begin PBXFileReference section */
		B4146BE91BAD01D3005DD2D6 /* Double Cell.app */ = {isa = PBXFileReference; explicitFileType = wrapper.application; includeInIndex = 0; path = "Double Cell.app"; sourceTree = BUILT_PRODUCTS_DIR; };
		B4146BED1BAD01D3005DD2D6 /* main.m */ = {isa = PBXFileReference; lastKnownFileType = sourcecode.c.objc; path = main.m; sourceTree = "<group>"; };
		B4146BEF1BAD01D3005DD2D6 /* AppDelegate.h */ = {isa = PBXFileReference; lastKnownFileType = sourcecode.c.h; path = AppDelegate.h; sourceTree = "<group>"; };
		B4146BF01BAD01D3005DD2D6 /* AppDelegate.m */ = {isa = PBXFileReference; lastKnownFileType = sourcecode.c.objc; path = AppDelegate.m; sourceTree = "<group>"; };
		B4146BF21BAD01D3005DD2D6 /* ViewController.h */ = {isa = PBXFileReference; lastKnownFileType = sourcecode.c.h; path = ViewController.h; sourceTree = "<group>"; };
		B4146BF31BAD01D3005DD2D6 /* ViewController.m */ = {isa = PBXFileReference; lastKnownFileType = sourcecode.c.objc; path = ViewController.m; sourceTree = "<group>"; };
		B4146BF61BAD01D3005DD2D6 /* Base */ = {isa = PBXFileReference; lastKnownFileType = file.storyboard; name = Base; path = Base.lproj/Main.storyboard; sourceTree = "<group>"; };
		B4146BF81BAD01D3005DD2D6 /* Assets.xcassets */ = {isa = PBXFileReference; lastKnownFileType = folder.assetcatalog; path = Assets.xcassets; sourceTree = "<group>"; };
		B4146BFB1BAD01D3005DD2D6 /* Base */ = {isa = PBXFileReference; lastKnownFileType = file.storyboard; name = Base; path = Base.lproj/LaunchScreen.storyboard; sourceTree = "<group>"; };
		B4146BFD1BAD01D3005DD2D6 /* Info.plist */ = {isa = PBXFileReference; lastKnownFileType = text.plist.xml; path = Info.plist; sourceTree = "<group>"; };
		B4146C021BAD01D3005DD2D6 /* Double CellTests.xctest */ = {isa = PBXFileReference; explicitFileType = wrapper.cfbundle; includeInIndex = 0; path = "Double CellTests.xctest"; sourceTree = BUILT_PRODUCTS_DIR; };
		B4146C061BAD01D3005DD2D6 /* Double_CellTests.m */ = {isa = PBXFileReference; lastKnownFileType = sourcecode.c.objc; path = Double_CellTests.m; sourceTree = "<group>"; };
		B4146C081BAD01D3005DD2D6 /* Info.plist */ = {isa = PBXFileReference; lastKnownFileType = text.plist.xml; path = Info.plist; sourceTree = "<group>"; };
		B4146C0D1BAD01D3005DD2D6 /* Double CellUITests.xctest */ = {isa = PBXFileReference; explicitFileType = wrapper.cfbundle; includeInIndex = 0; path = "Double CellUITests.xctest"; sourceTree = BUILT_PRODUCTS_DIR; };
		B4146C111BAD01D3005DD2D6 /* Double_CellUITests.m */ = {isa = PBXFileReference; lastKnownFileType = sourcecode.c.objc; path = Double_CellUITests.m; sourceTree = "<group>"; };
		B4146C131BAD01D3005DD2D6 /* Info.plist */ = {isa = PBXFileReference; lastKnownFileType = text.plist.xml; path = Info.plist; sourceTree = "<group>"; };
		B4146C1F1BAD0426005DD2D6 /* LXTDoubleCellTableViewController.h */ = {isa = PBXFileReference; fileEncoding = 4; lastKnownFileType = sourcecode.c.h; path = LXTDoubleCellTableViewController.h; sourceTree = "<group>"; };
		B4146C201BAD0426005DD2D6 /* LXTDoubleCellTableViewController.m */ = {isa = PBXFileReference; fileEncoding = 4; lastKnownFileType = sourcecode.c.objc; path = LXTDoubleCellTableViewController.m; sourceTree = "<group>"; };
		B4F39F4C1BB82B570020C126 /* LXTFirstRowTableViewCell.h */ = {isa = PBXFileReference; fileEncoding = 4; lastKnownFileType = sourcecode.c.h; name = LXTFirstRowTableViewCell.h; path = ../LXTFirstRowTableViewCell.h; sourceTree = "<group>"; };
		B4F39F4D1BB82B570020C126 /* LXTFirstRowTableViewCell.m */ = {isa = PBXFileReference; fileEncoding = 4; lastKnownFileType = sourcecode.c.objc; name = LXTFirstRowTableViewCell.m; path = ../LXTFirstRowTableViewCell.m; sourceTree = "<group>"; };
		B4F39F4F1BB82B780020C126 /* LXTSecondRowTableViewCell.h */ = {isa = PBXFileReference; fileEncoding = 4; lastKnownFileType = sourcecode.c.h; path = LXTSecondRowTableViewCell.h; sourceTree = "<group>"; };
		B4F39F501BB82B780020C126 /* LXTSecondRowTableViewCell.m */ = {isa = PBXFileReference; fileEncoding = 4; lastKnownFileType = sourcecode.c.objc; path = LXTSecondRowTableViewCell.m; sourceTree = "<group>"; };
		B4F39F571BB839600020C126 /* LXTThirdRowTableViewCell.h */ = {isa = PBXFileReference; fileEncoding = 4; lastKnownFileType = sourcecode.c.h; name = LXTThirdRowTableViewCell.h; path = ../LXTThirdRowTableViewCell.h; sourceTree = "<group>"; };
		B4F39F581BB839600020C126 /* LXTThirdRowTableViewCell.m */ = {isa = PBXFileReference; fileEncoding = 4; lastKnownFileType = sourcecode.c.objc; name = LXTThirdRowTableViewCell.m; path = ../LXTThirdRowTableViewCell.m; sourceTree = "<group>"; };
		B4F39F591BB839600020C126 /* LXTThirdRowTableViewCell.xib */ = {isa = PBXFileReference; fileEncoding = 4; lastKnownFileType = file.xib; name = LXTThirdRowTableViewCell.xib; path = ../LXTThirdRowTableViewCell.xib; sourceTree = "<group>"; };
		B4F39F611BB83AA00020C126 /* LXTFourthRowTableViewCell.h */ = {isa = PBXFileReference; fileEncoding = 4; lastKnownFileType = sourcecode.c.h; path = LXTFourthRowTableViewCell.h; sourceTree = "<group>"; };
		B4F39F621BB83AA00020C126 /* LXTFourthRowTableViewCell.m */ = {isa = PBXFileReference; fileEncoding = 4; lastKnownFileType = sourcecode.c.objc; path = LXTFourthRowTableViewCell.m; sourceTree = "<group>"; };
		B4F39F631BB83AA00020C126 /* LXTFourthRowTableViewCell.xib */ = {isa = PBXFileReference; fileEncoding = 4; lastKnownFileType = file.xib; path = LXTFourthRowTableViewCell.xib; sourceTree = "<group>"; };
/* End PBXFileReference section */

/* Begin PBXFrameworksBuildPhase section */
		B4146BE61BAD01D3005DD2D6 /* Frameworks */ = {
			isa = PBXFrameworksBuildPhase;
			buildActionMask = 2147483647;
			files = (
			);
			runOnlyForDeploymentPostprocessing = 0;
		};
		B4146BFF1BAD01D3005DD2D6 /* Frameworks */ = {
			isa = PBXFrameworksBuildPhase;
			buildActionMask = 2147483647;
			files = (
			);
			runOnlyForDeploymentPostprocessing = 0;
		};
		B4146C0A1BAD01D3005DD2D6 /* Frameworks */ = {
			isa = PBXFrameworksBuildPhase;
			buildActionMask = 2147483647;
			files = (
			);
			runOnlyForDeploymentPostprocessing = 0;
		};
/* End PBXFrameworksBuildPhase section */

/* Begin PBXGroup section */
		B4146BE01BAD01D3005DD2D6 = {
			isa = PBXGroup;
			children = (
				B4146BEB1BAD01D3005DD2D6 /* Double Cell */,
				B4146C051BAD01D3005DD2D6 /* Double CellTests */,
				B4146C101BAD01D3005DD2D6 /* Double CellUITests */,
				B4146BEA1BAD01D3005DD2D6 /* Products */,
			);
			sourceTree = "<group>";
		};
		B4146BEA1BAD01D3005DD2D6 /* Products */ = {
			isa = PBXGroup;
			children = (
				B4146BE91BAD01D3005DD2D6 /* Double Cell.app */,
				B4146C021BAD01D3005DD2D6 /* Double CellTests.xctest */,
				B4146C0D1BAD01D3005DD2D6 /* Double CellUITests.xctest */,
			);
			name = Products;
			sourceTree = "<group>";
		};
		B4146BEB1BAD01D3005DD2D6 /* Double Cell */ = {
			isa = PBXGroup;
			children = (
				B4146BEF1BAD01D3005DD2D6 /* AppDelegate.h */,
				B4146BF01BAD01D3005DD2D6 /* AppDelegate.m */,
				B4146BF21BAD01D3005DD2D6 /* ViewController.h */,
				B4146BF31BAD01D3005DD2D6 /* ViewController.m */,
				B4146BF51BAD01D3005DD2D6 /* Main.storyboard */,
				B4146C1F1BAD0426005DD2D6 /* LXTDoubleCellTableViewController.h */,
				B4146C201BAD0426005DD2D6 /* LXTDoubleCellTableViewController.m */,
				B4F39F4C1BB82B570020C126 /* LXTFirstRowTableViewCell.h */,
				B4F39F4D1BB82B570020C126 /* LXTFirstRowTableViewCell.m */,
				B4F39F4F1BB82B780020C126 /* LXTSecondRowTableViewCell.h */,
				B4F39F501BB82B780020C126 /* LXTSecondRowTableViewCell.m */,
				B4F39F571BB839600020C126 /* LXTThirdRowTableViewCell.h */,
				B4F39F581BB839600020C126 /* LXTThirdRowTableViewCell.m */,
				B4F39F591BB839600020C126 /* LXTThirdRowTableViewCell.xib */,
				B4F39F611BB83AA00020C126 /* LXTFourthRowTableViewCell.h */,
				B4F39F621BB83AA00020C126 /* LXTFourthRowTableViewCell.m */,
				B4F39F631BB83AA00020C126 /* LXTFourthRowTableViewCell.xib */,
				B4146BF81BAD01D3005DD2D6 /* Assets.xcassets */,
				B4146BFA1BAD01D3005DD2D6 /* LaunchScreen.storyboard */,
				B4146BFD1BAD01D3005DD2D6 /* Info.plist */,
				B4146BEC1BAD01D3005DD2D6 /* Supporting Files */,
			);
			path = "Double Cell";
			sourceTree = "<group>";
		};
		B4146BEC1BAD01D3005DD2D6 /* Supporting Files */ = {
			isa = PBXGroup;
			children = (
				B4146BED1BAD01D3005DD2D6 /* main.m */,
			);
			name = "Supporting Files";
			sourceTree = "<group>";
		};
		B4146C051BAD01D3005DD2D6 /* Double CellTests */ = {
			isa = PBXGroup;
			children = (
				B4146C061BAD01D3005DD2D6 /* Double_CellTests.m */,
				B4146C081BAD01D3005DD2D6 /* Info.plist */,
			);
			path = "Double CellTests";
			sourceTree = "<group>";
		};
		B4146C101BAD01D3005DD2D6 /* Double CellUITests */ = {
			isa = PBXGroup;
			children = (
				B4146C111BAD01D3005DD2D6 /* Double_CellUITests.m */,
				B4146C131BAD01D3005DD2D6 /* Info.plist */,
			);
			path = "Double CellUITests";
			sourceTree = "<group>";
		};
/* End PBXGroup section */

/* Begin PBXNativeTarget section */
		B4146BE81BAD01D3005DD2D6 /* Double Cell */ = {
			isa = PBXNativeTarget;
			buildConfigurationList = B4146C161BAD01D3005DD2D6 /* Build configuration list for PBXNativeTarget "Double Cell" */;
			buildPhases = (
				B4146BE51BAD01D3005DD2D6 /* Sources */,
				B4146BE61BAD01D3005DD2D6 /* Frameworks */,
				B4146BE71BAD01D3005DD2D6 /* Resources */,
			);
			buildRules = (
			);
			dependencies = (
			);
			name = "Double Cell";
			productName = "Double Cell";
			productReference = B4146BE91BAD01D3005DD2D6 /* Double Cell.app */;
			productType = "com.apple.product-type.application";
		};
		B4146C011BAD01D3005DD2D6 /* Double CellTests */ = {
			isa = PBXNativeTarget;
			buildConfigurationList = B4146C191BAD01D3005DD2D6 /* Build configuration list for PBXNativeTarget "Double CellTests" */;
			buildPhases = (
				B4146BFE1BAD01D3005DD2D6 /* Sources */,
				B4146BFF1BAD01D3005DD2D6 /* Frameworks */,
				B4146C001BAD01D3005DD2D6 /* Resources */,
			);
			buildRules = (
			);
			dependencies = (
				B4146C041BAD01D3005DD2D6 /* PBXTargetDependency */,
			);
			name = "Double CellTests";
			productName = "Double CellTests";
			productReference = B4146C021BAD01D3005DD2D6 /* Double CellTests.xctest */;
			productType = "com.apple.product-type.bundle.unit-test";
		};
		B4146C0C1BAD01D3005DD2D6 /* Double CellUITests */ = {
			isa = PBXNativeTarget;
			buildConfigurationList = B4146C1C1BAD01D3005DD2D6 /* Build configuration list for PBXNativeTarget "Double CellUITests" */;
			buildPhases = (
				B4146C091BAD01D3005DD2D6 /* Sources */,
				B4146C0A1BAD01D3005DD2D6 /* Frameworks */,
				B4146C0B1BAD01D3005DD2D6 /* Resources */,
			);
			buildRules = (
			);
			dependencies = (
				B4146C0F1BAD01D3005DD2D6 /* PBXTargetDependency */,
			);
			name = "Double CellUITests";
			productName = "Double CellUITests";
			productReference = B4146C0D1BAD01D3005DD2D6 /* Double CellUITests.xctest */;
			productType = "com.apple.product-type.bundle.ui-testing";
		};
/* End PBXNativeTarget section */

/* Begin PBXProject section */
		B4146BE11BAD01D3005DD2D6 /* Project object */ = {
			isa = PBXProject;
			attributes = {
				CLASSPREFIX = LXT;
				LastUpgradeCheck = 0700;
				ORGANIZATIONNAME = "逯晓瞳";
				TargetAttributes = {
					B4146BE81BAD01D3005DD2D6 = {
						CreatedOnToolsVersion = 7.0;
						DevelopmentTeam = YZR9Y8VCGW;
					};
					B4146C011BAD01D3005DD2D6 = {
						CreatedOnToolsVersion = 7.0;
						TestTargetID = B4146BE81BAD01D3005DD2D6;
					};
					B4146C0C1BAD01D3005DD2D6 = {
						CreatedOnToolsVersion = 7.0;
						TestTargetID = B4146BE81BAD01D3005DD2D6;
					};
				};
			};
			buildConfigurationList = B4146BE41BAD01D3005DD2D6 /* Build configuration list for PBXProject "Double Cell" */;
			compatibilityVersion = "Xcode 6.3";
			developmentRegion = English;
			hasScannedForEncodings = 0;
			knownRegions = (
				en,
				Base,
			);
			mainGroup = B4146BE01BAD01D3005DD2D6;
			productRefGroup = B4146BEA1BAD01D3005DD2D6 /* Products */;
			projectDirPath = "";
			projectRoot = "";
			targets = (
				B4146BE81BAD01D3005DD2D6 /* Double Cell */,
				B4146C011BAD01D3005DD2D6 /* Double CellTests */,
				B4146C0C1BAD01D3005DD2D6 /* Double CellUITests */,
			);
		};
/* End PBXProject section */

/* Begin PBXResourcesBuildPhase section */
		B4146BE71BAD01D3005DD2D6 /* Resources */ = {
			isa = PBXResourcesBuildPhase;
			buildActionMask = 2147483647;
			files = (
				B4146BFC1BAD01D3005DD2D6 /* LaunchScreen.storyboard in Resources */,
				B4F39F651BB83AA00020C126 /* LXTFourthRowTableViewCell.xib in Resources */,
				B4146BF91BAD01D3005DD2D6 /* Assets.xcassets in Resources */,
				B4146BF71BAD01D3005DD2D6 /* Main.storyboard in Resources */,
				B4F39F5B1BB839600020C126 /* LXTThirdRowTableViewCell.xib in Resources */,
			);
			runOnlyForDeploymentPostprocessing = 0;
		};
		B4146C001BAD01D3005DD2D6 /* Resources */ = {
			isa = PBXResourcesBuildPhase;
			buildActionMask = 2147483647;
			files = (
			);
			runOnlyForDeploymentPostprocessing = 0;
		};
		B4146C0B1BAD01D3005DD2D6 /* Resources */ = {
			isa = PBXResourcesBuildPhase;
			buildActionMask = 2147483647;
			files = (
			);
			runOnlyForDeploymentPostprocessing = 0;
		};
/* End PBXResourcesBuildPhase section */

/* Begin PBXSourcesBuildPhase section */
		B4146BE51BAD01D3005DD2D6 /* Sources */ = {
			isa = PBXSourcesBuildPhase;
			buildActionMask = 2147483647;
			files = (
				B4146BF41BAD01D3005DD2D6 /* ViewController.m in Sources */,
				B4F39F641BB83AA00020C126 /* LXTFourthRowTableViewCell.m in Sources */,
				B4146BF11BAD01D3005DD2D6 /* AppDelegate.m in Sources */,
				B4F39F5A1BB839600020C126 /* LXTThirdRowTableViewCell.m in Sources */,
				B4146BEE1BAD01D3005DD2D6 /* main.m in Sources */,
				B4F39F511BB82B780020C126 /* LXTSecondRowTableViewCell.m in Sources */,
				B4F39F4E1BB82B570020C126 /* LXTFirstRowTableViewCell.m in Sources */,
				B4146C211BAD0426005DD2D6 /* LXTDoubleCellTableViewController.m in Sources */,
			);
			runOnlyForDeploymentPostprocessing = 0;
		};
		B4146BFE1BAD01D3005DD2D6 /* Sources */ = {
			isa = PBXSourcesBuildPhase;
			buildActionMask = 2147483647;
			files = (
				B4146C071BAD01D3005DD2D6 /* Double_CellTests.m in Sources */,
			);
			runOnlyForDeploymentPostprocessing = 0;
		};
		B4146C091BAD01D3005DD2D6 /* Sources */ = {
			isa = PBXSourcesBuildPhase;
			buildActionMask = 2147483647;
			files = (
				B4146C121BAD01D3005DD2D6 /* Double_CellUITests.m in Sources */,
			);
			runOnlyForDeploymentPostprocessing = 0;
		};
/* End PBXSourcesBuildPhase section */

/* Begin PBXTargetDependency section */
		B4146C041BAD01D3005DD2D6 /* PBXTargetDependency */ = {
			isa = PBXTargetDependency;
			target = B4146BE81BAD01D3005DD2D6 /* Double Cell */;
			targetProxy = B4146C031BAD01D3005DD2D6 /* PBXContainerItemProxy */;
		};
		B4146C0F1BAD01D3005DD2D6 /* PBXTargetDependency */ = {
			isa = PBXTargetDependency;
			target = B4146BE81BAD01D3005DD2D6 /* Double Cell */;
			targetProxy = B4146C0E1BAD01D3005DD2D6 /* PBXContainerItemProxy */;
		};
/* End PBXTargetDependency section */

/* Begin PBXVariantGroup section */
		B4146BF51BAD01D3005DD2D6 /* Main.storyboard */ = {
			isa = PBXVariantGroup;
			children = (
				B4146BF61BAD01D3005DD2D6 /* Base */,
			);
			name = Main.storyboard;
			sourceTree = "<group>";
		};
		B4146BFA1BAD01D3005DD2D6 /* LaunchScreen.storyboard */ = {
			isa = PBXVariantGroup;
			children = (
				B4146BFB1BAD01D3005DD2D6 /* Base */,
			);
			name = LaunchScreen.storyboard;
			sourceTree = "<group>";
		};
/* End PBXVariantGroup section */

/* Begin XCBuildConfiguration section */
		B4146C141BAD01D3005DD2D6 /* Debug */ = {
			isa = XCBuildConfiguration;
			buildSettings = {
				ALWAYS_SEARCH_USER_PATHS = NO;
				CLANG_CXX_LANGUAGE_STANDARD = "gnu++0x";
				CLANG_CXX_LIBRARY = "libc++";
				CLANG_ENABLE_MODULES = YES;
				CLANG_ENABLE_OBJC_ARC = YES;
				CLANG_WARN_BOOL_CONVERSION = YES;
				CLANG_WARN_CONSTANT_CONVERSION = YES;
				CLANG_WARN_DIRECT_OBJC_ISA_USAGE = YES_ERROR;
				CLANG_WARN_EMPTY_BODY = YES;
				CLANG_WARN_ENUM_CONVERSION = YES;
				CLANG_WARN_INT_CONVERSION = YES;
				CLANG_WARN_OBJC_ROOT_CLASS = YES_ERROR;
				CLANG_WARN_UNREACHABLE_CODE = YES;
				CLANG_WARN__DUPLICATE_METHOD_MATCH = YES;
				"CODE_SIGN_IDENTITY[sdk=iphoneos*]" = "iPhone Developer";
				COPY_PHASE_STRIP = NO;
				DEBUG_INFORMATION_FORMAT = dwarf;
				ENABLE_STRICT_OBJC_MSGSEND = YES;
				ENABLE_TESTABILITY = YES;
				GCC_C_LANGUAGE_STANDARD = gnu99;
				GCC_DYNAMIC_NO_PIC = NO;
				GCC_NO_COMMON_BLOCKS = YES;
				GCC_OPTIMIZATION_LEVEL = 0;
				GCC_PREPROCESSOR_DEFINITIONS = (
					"DEBUG=1",
					"$(inherited)",
				);
				GCC_WARN_64_TO_32_BIT_CONVERSION = YES;
				GCC_WARN_ABOUT_RETURN_TYPE = YES_ERROR;
				GCC_WARN_UNDECLARED_SELECTOR = YES;
				GCC_WARN_UNINITIALIZED_AUTOS = YES_AGGRESSIVE;
				GCC_WARN_UNUSED_FUNCTION = YES;
				GCC_WARN_UNUSED_VARIABLE = YES;
				IPHONEOS_DEPLOYMENT_TARGET = 9.0;
				MTL_ENABLE_DEBUG_INFO = YES;
				ONLY_ACTIVE_ARCH = YES;
				SDKROOT = iphoneos;
			};
			name = Debug;
		};
		B4146C151BAD01D3005DD2D6 /* Release */ = {
			isa = XCBuildConfiguration;
			buildSettings = {
				ALWAYS_SEARCH_USER_PATHS = NO;
				CLANG_CXX_LANGUAGE_STANDARD = "gnu++0x";
				CLANG_CXX_LIBRARY = "libc++";
				CLANG_ENABLE_MODULES = YES;
				CLANG_ENABLE_OBJC_ARC = YES;
				CLANG_WARN_BOOL_CONVERSION = YES;
				CLANG_WARN_CONSTANT_CONVERSION = YES;
				CLANG_WARN_DIRECT_OBJC_ISA_USAGE = YES_ERROR;
				CLANG_WARN_EMPTY_BODY = YES;
				CLANG_WARN_ENUM_CONVERSION = YES;
				CLANG_WARN_INT_CONVERSION = YES;
				CLANG_WARN_OBJC_ROOT_CLASS = YES_ERROR;
				CLANG_WARN_UNREACHABLE_CODE = YES;
				CLANG_WARN__DUPLICATE_METHOD_MATCH = YES;
				"CODE_SIGN_IDENTITY[sdk=iphoneos*]" = "iPhone Developer";
				COPY_PHASE_STRIP = NO;
				DEBUG_INFORMATION_FORMAT = "dwarf-with-dsym";
				ENABLE_NS_ASSERTIONS = NO;
				ENABLE_STRICT_OBJC_MSGSEND = YES;
				GCC_C_LANGUAGE_STANDARD = gnu99;
				GCC_NO_COMMON_BLOCKS = YES;
				GCC_WARN_64_TO_32_BIT_CONVERSION = YES;
				GCC_WARN_ABOUT_RETURN_TYPE = YES_ERROR;
				GCC_WARN_UNDECLARED_SELECTOR = YES;
				GCC_WARN_UNINITIALIZED_AUTOS = YES_AGGRESSIVE;
				GCC_WARN_UNUSED_FUNCTION = YES;
				GCC_WARN_UNUSED_VARIABLE = YES;
				IPHONEOS_DEPLOYMENT_TARGET = 9.0;
				MTL_ENABLE_DEBUG_INFO = NO;
				SDKROOT = iphoneos;
				VALIDATE_PRODUCT = YES;
			};
			name = Release;
		};
		B4146C171BAD01D3005DD2D6 /* Debug */ = {
			isa = XCBuildConfiguration;
			buildSettings = {
				ASSETCATALOG_COMPILER_APPICON_NAME = AppIcon;
				CODE_SIGN_IDENTITY = "iPhone Developer";
				"CODE_SIGN_IDENTITY[sdk=iphoneos*]" = "iPhone Developer";
				INFOPLIST_FILE = "Double Cell/Info.plist";
				LD_RUNPATH_SEARCH_PATHS = "$(inherited) @executable_path/Frameworks";
				PRODUCT_BUNDLE_IDENTIFIER = "Luxiaotong.Double-Cell";
				PRODUCT_NAME = "$(TARGET_NAME)";
				PROVISIONING_PROFILE = "";
			};
			name = Debug;
		};
		B4146C181BAD01D3005DD2D6 /* Release */ = {
			isa = XCBuildConfiguration;
			buildSettings = {
				ASSETCATALOG_COMPILER_APPICON_NAME = AppIcon;
				CODE_SIGN_IDENTITY = "iPhone Developer";
				"CODE_SIGN_IDENTITY[sdk=iphoneos*]" = "iPhone Developer";
				INFOPLIST_FILE = "Double Cell/Info.plist";
				LD_RUNPATH_SEARCH_PATHS = "$(inherited) @executable_path/Frameworks";
				PRODUCT_BUNDLE_IDENTIFIER = "Luxiaotong.Double-Cell";
				PRODUCT_NAME = "$(TARGET_NAME)";
				PROVISIONING_PROFILE = "";
			};
			name = Release;
		};
		B4146C1A1BAD01D3005DD2D6 /* Debug */ = {
			isa = XCBuildConfiguration;
			buildSettings = {
				BUNDLE_LOADER = "$(TEST_HOST)";
				INFOPLIST_FILE = "Double CellTests/Info.plist";
				LD_RUNPATH_SEARCH_PATHS = "$(inherited) @executable_path/Frameworks @loader_path/Frameworks";
				PRODUCT_BUNDLE_IDENTIFIER = "Luxiaotong.Double-CellTests";
				PRODUCT_NAME = "$(TARGET_NAME)";
				TEST_HOST = "$(BUILT_PRODUCTS_DIR)/Double Cell.app/Double Cell";
			};
			name = Debug;
		};
		B4146C1B1BAD01D3005DD2D6 /* Release */ = {
			isa = XCBuildConfiguration;
			buildSettings = {
				BUNDLE_LOADER = "$(TEST_HOST)";
				INFOPLIST_FILE = "Double CellTests/Info.plist";
				LD_RUNPATH_SEARCH_PATHS = "$(inherited) @executable_path/Frameworks @loader_path/Frameworks";
				PRODUCT_BUNDLE_IDENTIFIER = "Luxiaotong.Double-CellTests";
				PRODUCT_NAME = "$(TARGET_NAME)";
				TEST_HOST = "$(BUILT_PRODUCTS_DIR)/Double Cell.app/Double Cell";
			};
			name = Release;
		};
		B4146C1D1BAD01D3005DD2D6 /* Debug */ = {
			isa = XCBuildConfiguration;
			buildSettings = {
				INFOPLIST_FILE = "Double CellUITests/Info.plist";
				LD_RUNPATH_SEARCH_PATHS = "$(inherited) @executable_path/Frameworks @loader_path/Frameworks";
				PRODUCT_BUNDLE_IDENTIFIER = "Luxiaotong.Double-CellUITests";
				PRODUCT_NAME = "$(TARGET_NAME)";
				TEST_TARGET_NAME = "Double Cell";
				USES_XCTRUNNER = YES;
			};
			name = Debug;
		};
		B4146C1E1BAD01D3005DD2D6 /* Release */ = {
			isa = XCBuildConfiguration;
			buildSettings = {
				INFOPLIST_FILE = "Double CellUITests/Info.plist";
				LD_RUNPATH_SEARCH_PATHS = "$(inherited) @executable_path/Frameworks @loader_path/Frameworks";
				PRODUCT_BUNDLE_IDENTIFIER = "Luxiaotong.Double-CellUITests";
				PRODUCT_NAME = "$(TARGET_NAME)";
				TEST_TARGET_NAME = "Double Cell";
				USES_XCTRUNNER = YES;
			};
			name = Release;
		};
/* End XCBuildConfiguration section */

/* Begin XCConfigurationList section */
		B4146BE41BAD01D3005DD2D6 /* Build configuration list for PBXProject "Double Cell" */ = {
			isa = XCConfigurationList;
			buildConfigurations = (
				B4146C141BAD01D3005DD2D6 /* Debug */,
				B4146C151BAD01D3005DD2D6 /* Release */,
			);
			defaultConfigurationIsVisible = 0;
			defaultConfigurationName = Release;
		};
		B4146C161BAD01D3005DD2D6 /* Build configuration list for PBXNativeTarget "Double Cell" */ = {
			isa = XCConfigurationList;
			buildConfigurations = (
				B4146C171BAD01D3005DD2D6 /* Debug */,
				B4146C181BAD01D3005DD2D6 /* Release */,
			);
			defaultConfigurationIsVisible = 0;
			defaultConfigurationName = Release;
		};
		B4146C191BAD01D3005DD2D6 /* Build configuration list for PBXNativeTarget "Double CellTests" */ = {
			isa = XCConfigurationList;
			buildConfigurations = (
				B4146C1A1BAD01D3005DD2D6 /* Debug */,
				B4146C1B1BAD01D3005DD2D6 /* Release */,
			);
			defaultConfigurationIsVisible = 0;
			defaultConfigurationName = Release;
		};
		B4146C1C1BAD01D3005DD2D6 /* Build configuration list for PBXNativeTarget "Double CellUITests" */ = {
			isa = XCConfigurationList;
			buildConfigurations = (
				B4146C1D1BAD01D3005DD2D6 /* Debug */,
				B4146C1E1BAD01D3005DD2D6 /* Release */,
			);
			defaultConfigurationIsVisible = 0;
			defaultConfigurationName = Release;
		};
/* End XCConfigurationList section */
	};
	rootObject = B4146BE11BAD01D3005DD2D6 /* Project object */;
}
